
Microsoft Visual Studio Solution File, Format Version 12.00
# Visual Studio 15
VisualStudioVersion = 15.0.28307.539
MinimumVisualStudioVersion = 10.0.40219.1
Project("{FAE04EC0-301F-11D3-BF4B-00C04F79EFBC}") = "FindTheBug", "FindTheBug.csproj", "{00D78036-D35D-4BBA-BD11-41CC899C1D84}"
EndProject
Global
	GlobalSection(SolutionConfigurationPlatforms) = preSolution
		Debug|Any CPU = Debug|Any CPU
		Release|Any CPU = Release|Any CPU
	EndGlobalSection
	GlobalSection(ProjectConfigurationPlatforms) = postSolution
		{00D78036-D35D-4BBA-BD11-41CC899C1D84}.Debug|Any CPU.ActiveCfg = Debug|Any CPU
		{00D78036-D35D-4BBA-BD11-41CC899C1D84}.Debug|Any CPU.Build.0 = Debug|Any CPU
		{00D78036-D35D-4BBA-BD11-41CC899C1D84}.Release|Any CPU.ActiveCfg = Release|Any CPU
		{00D78036-D35D-4BBA-BD11-41CC899C1D84}.Release|Any CPU.Build.0 = Release|Any CPU
	EndGlobalSection
	GlobalSection(SolutionProperties) = preSolution
		HideSolutionNode = FALSE
	EndGlobalSection
	GlobalSection(ExtensibilityGlobals) = postSolution
		SolutionGuid = {179FB85A-1F49-4BBF-AAC9-8B8313B7198F}
	EndGlobalSection
EndGlobal
